
Microsoft Visual Studio Solution File, Format Version 12.00
# Visual Studio Version 17
VisualStudioVersion = 17.8.34309.116
MinimumVisualStudioVersion = 10.0.40219.1
Project("{9A19103F-16F7-4668-BE54-9A1E7A4F7556}") = "CalculatorApp", "CalculatorApp\CalculatorApp.csproj", "{3FACCF75-21FA-429F-84EE-54BDFE6462B1}"
EndProject
Project("{9A19103F-16F7-4668-BE54-9A1E7A4F7556}") = "CalculatorLibrary", "ConsoleLibrary\CalculatorLibrary.csproj", "{BEFA38F2-9C67-4D46-9030-F8217D83383B}"
EndProject
Project("{9A19103F-16F7-4668-BE54-9A1E7A4F7556}") = "ExtensionLibrary", "ExtensionLibrary\ExtensionLibrary.csproj", "{03B255BE-9497-469B-A7AD-DE3E9AC8C749}"
EndProject
Global
	GlobalSection(SolutionConfigurationPlatforms) = preSolution
		Debug|Any CPU = Debug|Any CPU
		Release|Any CPU = Release|Any CPU
	EndGlobalSection
	GlobalSection(ProjectConfigurationPlatforms) = postSolution
		{3FACCF75-21FA-429F-84EE-54BDFE6462B1}.Debug|Any CPU.ActiveCfg = Debug|Any CPU
		{3FACCF75-21FA-429F-84EE-54BDFE6462B1}.Debug|Any CPU.Build.0 = Debug|Any CPU
		{3FACCF75-21FA-429F-84EE-54BDFE6462B1}.Release|Any CPU.ActiveCfg = Release|Any CPU
		{3FACCF75-21FA-429F-84EE-54BDFE6462B1}.Release|Any CPU.Build.0 = Release|Any CPU
		{BEFA38F2-9C67-4D46-9030-F8217D83383B}.Debug|Any CPU.ActiveCfg = Debug|Any CPU
		{BEFA38F2-9C67-4D46-9030-F8217D83383B}.Debug|Any CPU.Build.0 = Debug|Any CPU
		{BEFA38F2-9C67-4D46-9030-F8217D83383B}.Release|Any CPU.ActiveCfg = Release|Any CPU
		{BEFA38F2-9C67-4D46-9030-F8217D83383B}.Release|Any CPU.Build.0 = Release|Any CPU
		{03B255BE-9497-469B-A7AD-DE3E9AC8C749}.Debug|Any CPU.ActiveCfg = Debug|Any CPU
		{03B255BE-9497-469B-A7AD-DE3E9AC8C749}.Debug|Any CPU.Build.0 = Debug|Any CPU
		{03B255BE-9497-469B-A7AD-DE3E9AC8C749}.Release|Any CPU.ActiveCfg = Release|Any CPU
		{03B255BE-9497-469B-A7AD-DE3E9AC8C749}.Release|Any CPU.Build.0 = Release|Any CPU
	EndGlobalSection
	GlobalSection(SolutionProperties) = preSolution
		HideSolutionNode = FALSE
	EndGlobalSection
	GlobalSection(ExtensibilityGlobals) = postSolution
		SolutionGuid = {57DDA066-B552-4F11-827B-12B8EB1F6A9D}
	EndGlobalSection
EndGlobal
